// !$*UTF8*$!
{
	archiveVersion = 1;
	classes = {
	};
	objectVersion = 56;
	objects = {

/* Begin PBXBuildFile section */
		FF97CB7F2971747A003D4AE4 /* AppDelegate.swift in Sources */ = {isa = PBXBuildFile; fileRef = FF97CB7E2971747A003D4AE4 /* AppDelegate.swift */; };
		FF97CB832971747A003D4AE4 /* HomeViewController.swift in Sources */ = {isa = PBXBuildFile; fileRef = FF97CB822971747A003D4AE4 /* HomeViewController.swift */; };
		FF97CB892971747A003D4AE4 /* FocusStart_Swift_iOS_TestTask.xcdatamodeld in Sources */ = {isa = PBXBuildFile; fileRef = FF97CB872971747A003D4AE4 /* FocusStart_Swift_iOS_TestTask.xcdatamodeld */; };
		FF97CB8B2971747B003D4AE4 /* Assets.xcassets in Resources */ = {isa = PBXBuildFile; fileRef = FF97CB8A2971747B003D4AE4 /* Assets.xcassets */; };
		FF97CB8E2971747B003D4AE4 /* LaunchScreen.storyboard in Resources */ = {isa = PBXBuildFile; fileRef = FF97CB8C2971747B003D4AE4 /* LaunchScreen.storyboard */; };
		FF97CB96297175CE003D4AE4 /* MainTabBarController.swift in Sources */ = {isa = PBXBuildFile; fileRef = FF97CB95297175CE003D4AE4 /* MainTabBarController.swift */; };
		FF97CB982971781D003D4AE4 /* NotesTableViewController.swift in Sources */ = {isa = PBXBuildFile; fileRef = FF97CB972971781D003D4AE4 /* NotesTableViewController.swift */; };
		FF97CB9B29717946003D4AE4 /* Localisation.swift in Sources */ = {isa = PBXBuildFile; fileRef = FF97CB9A29717946003D4AE4 /* Localisation.swift */; };
		FF97CB9D29717A0B003D4AE4 /* NotesTableViewCell.swift in Sources */ = {isa = PBXBuildFile; fileRef = FF97CB9C29717A0B003D4AE4 /* NotesTableViewCell.swift */; };
		FF97CB9F29719CB4003D4AE4 /* NoteEditAlert.swift in Sources */ = {isa = PBXBuildFile; fileRef = FF97CB9E29719CB4003D4AE4 /* NoteEditAlert.swift */; };
		FF97CBA129719E79003D4AE4 /* FirstLoadChecker.swift in Sources */ = {isa = PBXBuildFile; fileRef = FF97CBA029719E79003D4AE4 /* FirstLoadChecker.swift */; };
		FF97CBA329719EEC003D4AE4 /* CoreDataManager.swift in Sources */ = {isa = PBXBuildFile; fileRef = FF97CBA229719EEC003D4AE4 /* CoreDataManager.swift */; };
		FF97CBAA2971A3D0003D4AE4 /* NewNoteViewController.swift in Sources */ = {isa = PBXBuildFile; fileRef = FF97CBA92971A3D0003D4AE4 /* NewNoteViewController.swift */; };
		FF97CBAE2971E7C7003D4AE4 /* Alerts.swift in Sources */ = {isa = PBXBuildFile; fileRef = FF97CBAD2971E7C7003D4AE4 /* Alerts.swift */; };
/* End PBXBuildFile section */

/* Begin PBXFileReference section */
		FF97CB7B2971747A003D4AE4 /* FocusStart-Swift-iOS-TestTask.app */ = {isa = PBXFileReference; explicitFileType = wrapper.application; includeInIndex = 0; path = "FocusStart-Swift-iOS-TestTask.app"; sourceTree = BUILT_PRODUCTS_DIR; };
		FF97CB7E2971747A003D4AE4 /* AppDelegate.swift */ = {isa = PBXFileReference; lastKnownFileType = sourcecode.swift; path = AppDelegate.swift; sourceTree = "<group>"; };
		FF97CB822971747A003D4AE4 /* HomeViewController.swift */ = {isa = PBXFileReference; lastKnownFileType = sourcecode.swift; path = HomeViewController.swift; sourceTree = "<group>"; };
		FF97CB882971747A003D4AE4 /* FocusStart_Swift_iOS_TestTask.xcdatamodel */ = {isa = PBXFileReference; lastKnownFileType = wrapper.xcdatamodel; path = FocusStart_Swift_iOS_TestTask.xcdatamodel; sourceTree = "<group>"; };
		FF97CB8A2971747B003D4AE4 /* Assets.xcassets */ = {isa = PBXFileReference; lastKnownFileType = folder.assetcatalog; path = Assets.xcassets; sourceTree = "<group>"; };
		FF97CB8D2971747B003D4AE4 /* Base */ = {isa = PBXFileReference; lastKnownFileType = file.storyboard; name = Base; path = Base.lproj/LaunchScreen.storyboard; sourceTree = "<group>"; };
		FF97CB8F2971747B003D4AE4 /* Info.plist */ = {isa = PBXFileReference; lastKnownFileType = text.plist.xml; path = Info.plist; sourceTree = "<group>"; };
		FF97CB95297175CE003D4AE4 /* MainTabBarController.swift */ = {isa = PBXFileReference; lastKnownFileType = sourcecode.swift; path = MainTabBarController.swift; sourceTree = "<group>"; };
		FF97CB972971781D003D4AE4 /* NotesTableViewController.swift */ = {isa = PBXFileReference; lastKnownFileType = sourcecode.swift; path = NotesTableViewController.swift; sourceTree = "<group>"; };
		FF97CB9A29717946003D4AE4 /* Localisation.swift */ = {isa = PBXFileReference; lastKnownFileType = sourcecode.swift; path = Localisation.swift; sourceTree = "<group>"; };
		FF97CB9C29717A0B003D4AE4 /* NotesTableViewCell.swift */ = {isa = PBXFileReference; lastKnownFileType = sourcecode.swift; path = NotesTableViewCell.swift; sourceTree = "<group>"; };
		FF97CB9E29719CB4003D4AE4 /* NoteEditAlert.swift */ = {isa = PBXFileReference; lastKnownFileType = sourcecode.swift; path = NoteEditAlert.swift; sourceTree = "<group>"; };
		FF97CBA029719E79003D4AE4 /* FirstLoadChecker.swift */ = {isa = PBXFileReference; lastKnownFileType = sourcecode.swift; path = FirstLoadChecker.swift; sourceTree = "<group>"; };
		FF97CBA229719EEC003D4AE4 /* CoreDataManager.swift */ = {isa = PBXFileReference; lastKnownFileType = sourcecode.swift; path = CoreDataManager.swift; sourceTree = "<group>"; };
		FF97CBA92971A3D0003D4AE4 /* NewNoteViewController.swift */ = {isa = PBXFileReference; lastKnownFileType = sourcecode.swift; path = NewNoteViewController.swift; sourceTree = "<group>"; };
		FF97CBAD2971E7C7003D4AE4 /* Alerts.swift */ = {isa = PBXFileReference; lastKnownFileType = sourcecode.swift; path = Alerts.swift; sourceTree = "<group>"; };
/* End PBXFileReference section */

/* Begin PBXFrameworksBuildPhase section */
		FF97CB782971747A003D4AE4 /* Frameworks */ = {
			isa = PBXFrameworksBuildPhase;
			buildActionMask = 2147483647;
			files = (
			);
			runOnlyForDeploymentPostprocessing = 0;
		};
/* End PBXFrameworksBuildPhase section */

/* Begin PBXGroup section */
		FF97CB722971747A003D4AE4 = {
			isa = PBXGroup;
			children = (
				FF97CB7D2971747A003D4AE4 /* FocusStart-Swift-iOS-TestTask */,
				FF97CB7C2971747A003D4AE4 /* Products */,
			);
			sourceTree = "<group>";
		};
		FF97CB7C2971747A003D4AE4 /* Products */ = {
			isa = PBXGroup;
			children = (
				FF97CB7B2971747A003D4AE4 /* FocusStart-Swift-iOS-TestTask.app */,
			);
			name = Products;
			sourceTree = "<group>";
		};
		FF97CB7D2971747A003D4AE4 /* FocusStart-Swift-iOS-TestTask */ = {
			isa = PBXGroup;
			children = (
				FF97CB7E2971747A003D4AE4 /* AppDelegate.swift */,
				FF97CBA82971A3C1003D4AE4 /* Controllers */,
				FF97CBA429719EF8003D4AE4 /* Managers */,
				FF97CB9E29719CB4003D4AE4 /* NoteEditAlert.swift */,
				FF97CB9C29717A0B003D4AE4 /* NotesTableViewCell.swift */,
				FF97CB95297175CE003D4AE4 /* MainTabBarController.swift */,
				FF97CB972971781D003D4AE4 /* NotesTableViewController.swift */,
				FF97CB992971793B003D4AE4 /* Extensions */,
				FF97CB8A2971747B003D4AE4 /* Assets.xcassets */,
				FF97CB8C2971747B003D4AE4 /* LaunchScreen.storyboard */,
				FF97CB8F2971747B003D4AE4 /* Info.plist */,
				FF97CB872971747A003D4AE4 /* FocusStart_Swift_iOS_TestTask.xcdatamodeld */,
			);
			path = "FocusStart-Swift-iOS-TestTask";
			sourceTree = "<group>";
		};
		FF97CB992971793B003D4AE4 /* Extensions */ = {
			isa = PBXGroup;
			children = (
				FF97CB9A29717946003D4AE4 /* Localisation.swift */,
			);
			path = Extensions;
			sourceTree = "<group>";
		};
		FF97CBA429719EF8003D4AE4 /* Managers */ = {
			isa = PBXGroup;
			children = (
				FF97CBA029719E79003D4AE4 /* FirstLoadChecker.swift */,
				FF97CBA229719EEC003D4AE4 /* CoreDataManager.swift */,
				FF97CBAD2971E7C7003D4AE4 /* Alerts.swift */,
			);
			path = Managers;
			sourceTree = "<group>";
		};
		FF97CBA82971A3C1003D4AE4 /* Controllers */ = {
			isa = PBXGroup;
			children = (
				FF97CB822971747A003D4AE4 /* HomeViewController.swift */,
				FF97CBA92971A3D0003D4AE4 /* NewNoteViewController.swift */,
			);
			path = Controllers;
			sourceTree = "<group>";
		};
/* End PBXGroup section */

/* Begin PBXNativeTarget section */
		FF97CB7A2971747A003D4AE4 /* FocusStart-Swift-iOS-TestTask */ = {
			isa = PBXNativeTarget;
			buildConfigurationList = FF97CB922971747B003D4AE4 /* Build configuration list for PBXNativeTarget "FocusStart-Swift-iOS-TestTask" */;
			buildPhases = (
				FF97CB772971747A003D4AE4 /* Sources */,
				FF97CB782971747A003D4AE4 /* Frameworks */,
				FF97CB792971747A003D4AE4 /* Resources */,
			);
			buildRules = (
			);
			dependencies = (
			);
			name = "FocusStart-Swift-iOS-TestTask";
			productName = "FocusStart-Swift-iOS-TestTask";
			productReference = FF97CB7B2971747A003D4AE4 /* FocusStart-Swift-iOS-TestTask.app */;
			productType = "com.apple.product-type.application";
		};
/* End PBXNativeTarget section */

/* Begin PBXProject section */
		FF97CB732971747A003D4AE4 /* Project object */ = {
			isa = PBXProject;
			attributes = {
				BuildIndependentTargetsInParallel = 1;
				LastSwiftUpdateCheck = 1420;
				LastUpgradeCheck = 1420;
				TargetAttributes = {
					FF97CB7A2971747A003D4AE4 = {
						CreatedOnToolsVersion = 14.2;
					};
				};
			};
			buildConfigurationList = FF97CB762971747A003D4AE4 /* Build configuration list for PBXProject "FocusStart-Swift-iOS-TestTask" */;
			compatibilityVersion = "Xcode 14.0";
			developmentRegion = en;
			hasScannedForEncodings = 0;
			knownRegions = (
				en,
				Base,
			);
			mainGroup = FF97CB722971747A003D4AE4;
			productRefGroup = FF97CB7C2971747A003D4AE4 /* Products */;
			projectDirPath = "";
			projectRoot = "";
			targets = (
				FF97CB7A2971747A003D4AE4 /* FocusStart-Swift-iOS-TestTask */,
			);
		};
/* End PBXProject section */

/* Begin PBXResourcesBuildPhase section */
		FF97CB792971747A003D4AE4 /* Resources */ = {
			isa = PBXResourcesBuildPhase;
			buildActionMask = 2147483647;
			files = (
				FF97CB8E2971747B003D4AE4 /* LaunchScreen.storyboard in Resources */,
				FF97CB8B2971747B003D4AE4 /* Assets.xcassets in Resources */,
			);
			runOnlyForDeploymentPostprocessing = 0;
		};
/* End PBXResourcesBuildPhase section */

/* Begin PBXSourcesBuildPhase section */
		FF97CB772971747A003D4AE4 /* Sources */ = {
			isa = PBXSourcesBuildPhase;
			buildActionMask = 2147483647;
			files = (
				FF97CBA329719EEC003D4AE4 /* CoreDataManager.swift in Sources */,
				FF97CB892971747A003D4AE4 /* FocusStart_Swift_iOS_TestTask.xcdatamodeld in Sources */,
				FF97CB832971747A003D4AE4 /* HomeViewController.swift in Sources */,
				FF97CB96297175CE003D4AE4 /* MainTabBarController.swift in Sources */,
				FF97CB7F2971747A003D4AE4 /* AppDelegate.swift in Sources */,
				FF97CB982971781D003D4AE4 /* NotesTableViewController.swift in Sources */,
				FF97CB9F29719CB4003D4AE4 /* NoteEditAlert.swift in Sources */,
				FF97CBA129719E79003D4AE4 /* FirstLoadChecker.swift in Sources */,
				FF97CBAA2971A3D0003D4AE4 /* NewNoteViewController.swift in Sources */,
				FF97CB9D29717A0B003D4AE4 /* NotesTableViewCell.swift in Sources */,
				FF97CBAE2971E7C7003D4AE4 /* Alerts.swift in Sources */,
				FF97CB9B29717946003D4AE4 /* Localisation.swift in Sources */,
			);
			runOnlyForDeploymentPostprocessing = 0;
		};
/* End PBXSourcesBuildPhase section */

/* Begin PBXVariantGroup section */
		FF97CB8C2971747B003D4AE4 /* LaunchScreen.storyboard */ = {
			isa = PBXVariantGroup;
			children = (
				FF97CB8D2971747B003D4AE4 /* Base */,
			);
			name = LaunchScreen.storyboard;
			sourceTree = "<group>";
		};
/* End PBXVariantGroup section */

/* Begin XCBuildConfiguration section */
		FF97CB902971747B003D4AE4 /* Debug */ = {
			isa = XCBuildConfiguration;
			buildSettings = {
				ALWAYS_SEARCH_USER_PATHS = NO;
				CLANG_ANALYZER_NONNULL = YES;
				CLANG_ANALYZER_NUMBER_OBJECT_CONVERSION = YES_AGGRESSIVE;
				CLANG_CXX_LANGUAGE_STANDARD = "gnu++20";
				CLANG_ENABLE_MODULES = YES;
				CLANG_ENABLE_OBJC_ARC = YES;
				CLANG_ENABLE_OBJC_WEAK = YES;
				CLANG_WARN_BLOCK_CAPTURE_AUTORELEASING = YES;
				CLANG_WARN_BOOL_CONVERSION = YES;
				CLANG_WARN_COMMA = YES;
				CLANG_WARN_CONSTANT_CONVERSION = YES;
				CLANG_WARN_DEPRECATED_OBJC_IMPLEMENTATIONS = YES;
				CLANG_WARN_DIRECT_OBJC_ISA_USAGE = YES_ERROR;
				CLANG_WARN_DOCUMENTATION_COMMENTS = YES;
				CLANG_WARN_EMPTY_BODY = YES;
				CLANG_WARN_ENUM_CONVERSION = YES;
				CLANG_WARN_INFINITE_RECURSION = YES;
				CLANG_WARN_INT_CONVERSION = YES;
				CLANG_WARN_NON_LITERAL_NULL_CONVERSION = YES;
				CLANG_WARN_OBJC_IMPLICIT_RETAIN_SELF = YES;
				CLANG_WARN_OBJC_LITERAL_CONVERSION = YES;
				CLANG_WARN_OBJC_ROOT_CLASS = YES_ERROR;
				CLANG_WARN_QUOTED_INCLUDE_IN_FRAMEWORK_HEADER = YES;
				CLANG_WARN_RANGE_LOOP_ANALYSIS = YES;
				CLANG_WARN_STRICT_PROTOTYPES = YES;
				CLANG_WARN_SUSPICIOUS_MOVE = YES;
				CLANG_WARN_UNGUARDED_AVAILABILITY = YES_AGGRESSIVE;
				CLANG_WARN_UNREACHABLE_CODE = YES;
				CLANG_WARN__DUPLICATE_METHOD_MATCH = YES;
				COPY_PHASE_STRIP = NO;
				DEBUG_INFORMATION_FORMAT = dwarf;
				ENABLE_STRICT_OBJC_MSGSEND = YES;
				ENABLE_TESTABILITY = YES;
				GCC_C_LANGUAGE_STANDARD = gnu11;
				GCC_DYNAMIC_NO_PIC = NO;
				GCC_NO_COMMON_BLOCKS = YES;
				GCC_OPTIMIZATION_LEVEL = 0;
				GCC_PREPROCESSOR_DEFINITIONS = (
					"DEBUG=1",
					"$(inherited)",
				);
				GCC_WARN_64_TO_32_BIT_CONVERSION = YES;
				GCC_WARN_ABOUT_RETURN_TYPE = YES_ERROR;
				GCC_WARN_UNDECLARED_SELECTOR = YES;
				GCC_WARN_UNINITIALIZED_AUTOS = YES_AGGRESSIVE;
				GCC_WARN_UNUSED_FUNCTION = YES;
				GCC_WARN_UNUSED_VARIABLE = YES;
				IPHONEOS_DEPLOYMENT_TARGET = 16.2;
				MTL_ENABLE_DEBUG_INFO = INCLUDE_SOURCE;
				MTL_FAST_MATH = YES;
				ONLY_ACTIVE_ARCH = YES;
				SDKROOT = iphoneos;
				SWIFT_ACTIVE_COMPILATION_CONDITIONS = DEBUG;
				SWIFT_OPTIMIZATION_LEVEL = "-Onone";
			};
			name = Debug;
		};
		FF97CB912971747B003D4AE4 /* Release */ = {
			isa = XCBuildConfiguration;
			buildSettings = {
				ALWAYS_SEARCH_USER_PATHS = NO;
				CLANG_ANALYZER_NONNULL = YES;
				CLANG_ANALYZER_NUMBER_OBJECT_CONVERSION = YES_AGGRESSIVE;
				CLANG_CXX_LANGUAGE_STANDARD = "gnu++20";
				CLANG_ENABLE_MODULES = YES;
				CLANG_ENABLE_OBJC_ARC = YES;
				CLANG_ENABLE_OBJC_WEAK = YES;
				CLANG_WARN_BLOCK_CAPTURE_AUTORELEASING = YES;
				CLANG_WARN_BOOL_CONVERSION = YES;
				CLANG_WARN_COMMA = YES;
				CLANG_WARN_CONSTANT_CONVERSION = YES;
				CLANG_WARN_DEPRECATED_OBJC_IMPLEMENTATIONS = YES;
				CLANG_WARN_DIRECT_OBJC_ISA_USAGE = YES_ERROR;
				CLANG_WARN_DOCUMENTATION_COMMENTS = YES;
				CLANG_WARN_EMPTY_BODY = YES;
				CLANG_WARN_ENUM_CONVERSION = YES;
				CLANG_WARN_INFINITE_RECURSION = YES;
				CLANG_WARN_INT_CONVERSION = YES;
				CLANG_WARN_NON_LITERAL_NULL_CONVERSION = YES;
				CLANG_WARN_OBJC_IMPLICIT_RETAIN_SELF = YES;
				CLANG_WARN_OBJC_LITERAL_CONVERSION = YES;
				CLANG_WARN_OBJC_ROOT_CLASS = YES_ERROR;
				CLANG_WARN_QUOTED_INCLUDE_IN_FRAMEWORK_HEADER = YES;
				CLANG_WARN_RANGE_LOOP_ANALYSIS = YES;
				CLANG_WARN_STRICT_PROTOTYPES = YES;
				CLANG_WARN_SUSPICIOUS_MOVE = YES;
				CLANG_WARN_UNGUARDED_AVAILABILITY = YES_AGGRESSIVE;
				CLANG_WARN_UNREACHABLE_CODE = YES;
				CLANG_WARN__DUPLICATE_METHOD_MATCH = YES;
				COPY_PHASE_STRIP = NO;
				DEBUG_INFORMATION_FORMAT = "dwarf-with-dsym";
				ENABLE_NS_ASSERTIONS = NO;
				ENABLE_STRICT_OBJC_MSGSEND = YES;
				GCC_C_LANGUAGE_STANDARD = gnu11;
				GCC_NO_COMMON_BLOCKS = YES;
				GCC_WARN_64_TO_32_BIT_CONVERSION = YES;
				GCC_WARN_ABOUT_RETURN_TYPE = YES_ERROR;
				GCC_WARN_UNDECLARED_SELECTOR = YES;
				GCC_WARN_UNINITIALIZED_AUTOS = YES_AGGRESSIVE;
				GCC_WARN_UNUSED_FUNCTION = YES;
				GCC_WARN_UNUSED_VARIABLE = YES;
				IPHONEOS_DEPLOYMENT_TARGET = 16.2;
				MTL_ENABLE_DEBUG_INFO = NO;
				MTL_FAST_MATH = YES;
				SDKROOT = iphoneos;
				SWIFT_COMPILATION_MODE = wholemodule;
				SWIFT_OPTIMIZATION_LEVEL = "-O";
				VALIDATE_PRODUCT = YES;
			};
			name = Release;
		};
		FF97CB932971747B003D4AE4 /* Debug */ = {
			isa = XCBuildConfiguration;
			buildSettings = {
				ASSETCATALOG_COMPILER_APPICON_NAME = AppIcon;
				ASSETCATALOG_COMPILER_GLOBAL_ACCENT_COLOR_NAME = AccentColor;
				CODE_SIGN_STYLE = Automatic;
				CURRENT_PROJECT_VERSION = 1;
				DEVELOPMENT_TEAM = 8BB94GY59F;
				GENERATE_INFOPLIST_FILE = YES;
				INFOPLIST_FILE = "FocusStart-Swift-iOS-TestTask/Info.plist";
				INFOPLIST_KEY_UIApplicationSupportsIndirectInputEvents = YES;
				INFOPLIST_KEY_UILaunchStoryboardName = LaunchScreen;
				INFOPLIST_KEY_UISupportedInterfaceOrientations_iPad = "UIInterfaceOrientationPortrait UIInterfaceOrientationPortraitUpsideDown UIInterfaceOrientationLandscapeLeft UIInterfaceOrientationLandscapeRight";
				INFOPLIST_KEY_UISupportedInterfaceOrientations_iPhone = "UIInterfaceOrientationPortrait UIInterfaceOrientationLandscapeLeft UIInterfaceOrientationLandscapeRight";
				LD_RUNPATH_SEARCH_PATHS = (
					"$(inherited)",
					"@executable_path/Frameworks",
				);
				MARKETING_VERSION = 1.0;
				PRODUCT_BUNDLE_IDENTIFIER = "com.DmitriiSkvortsov.FocusStart-Swift-iOS-TestTask";
				PRODUCT_NAME = "$(TARGET_NAME)";
				SWIFT_EMIT_LOC_STRINGS = YES;
				SWIFT_VERSION = 5.0;
				TARGETED_DEVICE_FAMILY = "1,2";
			};
			name = Debug;
		};
		FF97CB942971747B003D4AE4 /* Release */ = {
			isa = XCBuildConfiguration;
			buildSettings = {
				ASSETCATALOG_COMPILER_APPICON_NAME = AppIcon;
				ASSETCATALOG_COMPILER_GLOBAL_ACCENT_COLOR_NAME = AccentColor;
				CODE_SIGN_STYLE = Automatic;
				CURRENT_PROJECT_VERSION = 1;
				DEVELOPMENT_TEAM = 8BB94GY59F;
				GENERATE_INFOPLIST_FILE = YES;
				INFOPLIST_FILE = "FocusStart-Swift-iOS-TestTask/Info.plist";
				INFOPLIST_KEY_UIApplicationSupportsIndirectInputEvents = YES;
				INFOPLIST_KEY_UILaunchStoryboardName = LaunchScreen;
				INFOPLIST_KEY_UISupportedInterfaceOrientations_iPad = "UIInterfaceOrientationPortrait UIInterfaceOrientationPortraitUpsideDown UIInterfaceOrientationLandscapeLeft UIInterfaceOrientationLandscapeRight";
				INFOPLIST_KEY_UISupportedInterfaceOrientations_iPhone = "UIInterfaceOrientationPortrait UIInterfaceOrientationLandscapeLeft UIInterfaceOrientationLandscapeRight";
				LD_RUNPATH_SEARCH_PATHS = (
					"$(inherited)",
					"@executable_path/Frameworks",
				);
				MARKETING_VERSION = 1.0;
				PRODUCT_BUNDLE_IDENTIFIER = "com.DmitriiSkvortsov.FocusStart-Swift-iOS-TestTask";
				PRODUCT_NAME = "$(TARGET_NAME)";
				SWIFT_EMIT_LOC_STRINGS = YES;
				SWIFT_VERSION = 5.0;
				TARGETED_DEVICE_FAMILY = "1,2";
			};
			name = Release;
		};
/* End XCBuildConfiguration section */

/* Begin XCConfigurationList section */
		FF97CB762971747A003D4AE4 /* Build configuration list for PBXProject "FocusStart-Swift-iOS-TestTask" */ = {
			isa = XCConfigurationList;
			buildConfigurations = (
				FF97CB902971747B003D4AE4 /* Debug */,
				FF97CB912971747B003D4AE4 /* Release */,
			);
			defaultConfigurationIsVisible = 0;
			defaultConfigurationName = Release;
		};
		FF97CB922971747B003D4AE4 /* Build configuration list for PBXNativeTarget "FocusStart-Swift-iOS-TestTask" */ = {
			isa = XCConfigurationList;
			buildConfigurations = (
				FF97CB932971747B003D4AE4 /* Debug */,
				FF97CB942971747B003D4AE4 /* Release */,
			);
			defaultConfigurationIsVisible = 0;
			defaultConfigurationName = Release;
		};
/* End XCConfigurationList section */

/* Begin XCVersionGroup section */
		FF97CB872971747A003D4AE4 /* FocusStart_Swift_iOS_TestTask.xcdatamodeld */ = {
			isa = XCVersionGroup;
			children = (
				FF97CB882971747A003D4AE4 /* FocusStart_Swift_iOS_TestTask.xcdatamodel */,
			);
			currentVersion = FF97CB882971747A003D4AE4 /* FocusStart_Swift_iOS_TestTask.xcdatamodel */;
			path = FocusStart_Swift_iOS_TestTask.xcdatamodeld;
			sourceTree = "<group>";
			versionGroupType = wrapper.xcdatamodel;
		};
/* End XCVersionGroup section */
	};
	rootObject = FF97CB732971747A003D4AE4 /* Project object */;
}
